
Microsoft Visual Studio Solution File, Format Version 12.00
# Visual Studio Version 17
VisualStudioVersion = 17.4.33205.214
MinimumVisualStudioVersion = 10.0.40219.1
Project("{9A19103F-16F7-4668-BE54-9A1E7A4F7556}") = "TripSuggestProject", "SEMicroserviceProject\TripSuggestProject.csproj", "{6259FE21-F036-4A54-987A-4B73241D6C7D}"
EndProject
Project("{9A19103F-16F7-4668-BE54-9A1E7A4F7556}") = "WeatherForecastService", "WeatherForecastService\WeatherForecastService.csproj", "{F3F73C46-1A51-4432-A110-210E2D733A7F}"
EndProject
Project("{FAE04EC0-301F-11D3-BF4B-00C04F79EFBC}") = "ServiceContracts", "ServiceContracts\ServiceContracts.csproj", "{ADAF71AB-1DBB-4FEA-907A-7CFD49297DF5}"
EndProject
Project("{2150E333-8FDC-42A3-9474-1A3956D46DE8}") = "Screenshots", "Screenshots", "{1227B702-B994-4B45-83A8-B7C70BD3323C}"
EndProject
Global
	GlobalSection(SolutionConfigurationPlatforms) = preSolution
		Debug|Any CPU = Debug|Any CPU
		Release|Any CPU = Release|Any CPU
	EndGlobalSection
	GlobalSection(ProjectConfigurationPlatforms) = postSolution
		{6259FE21-F036-4A54-987A-4B73241D6C7D}.Debug|Any CPU.ActiveCfg = Debug|Any CPU
		{6259FE21-F036-4A54-987A-4B73241D6C7D}.Debug|Any CPU.Build.0 = Debug|Any CPU
		{6259FE21-F036-4A54-987A-4B73241D6C7D}.Release|Any CPU.ActiveCfg = Release|Any CPU
		{6259FE21-F036-4A54-987A-4B73241D6C7D}.Release|Any CPU.Build.0 = Release|Any CPU
		{F3F73C46-1A51-4432-A110-210E2D733A7F}.Debug|Any CPU.ActiveCfg = Debug|Any CPU
		{F3F73C46-1A51-4432-A110-210E2D733A7F}.Debug|Any CPU.Build.0 = Debug|Any CPU
		{F3F73C46-1A51-4432-A110-210E2D733A7F}.Release|Any CPU.ActiveCfg = Release|Any CPU
		{F3F73C46-1A51-4432-A110-210E2D733A7F}.Release|Any CPU.Build.0 = Release|Any CPU
		{ADAF71AB-1DBB-4FEA-907A-7CFD49297DF5}.Debug|Any CPU.ActiveCfg = Debug|Any CPU
		{ADAF71AB-1DBB-4FEA-907A-7CFD49297DF5}.Debug|Any CPU.Build.0 = Debug|Any CPU
		{ADAF71AB-1DBB-4FEA-907A-7CFD49297DF5}.Release|Any CPU.ActiveCfg = Release|Any CPU
		{ADAF71AB-1DBB-4FEA-907A-7CFD49297DF5}.Release|Any CPU.Build.0 = Release|Any CPU
	EndGlobalSection
	GlobalSection(SolutionProperties) = preSolution
		HideSolutionNode = FALSE
	EndGlobalSection
	GlobalSection(ExtensibilityGlobals) = postSolution
		SolutionGuid = {7C308159-3FE4-4289-8868-A3FA24A9C4CF}
	EndGlobalSection
EndGlobal
