
Microsoft Visual Studio Solution File, Format Version 12.00
# Visual Studio Version 17
VisualStudioVersion = 17.4.33205.214
MinimumVisualStudioVersion = 10.0.40219.1
Project("{9A19103F-16F7-4668-BE54-9A1E7A4F7556}") = "TripSuggestProject", "SEMicroserviceProject\TripSuggestProject.csproj", "{6259FE21-F036-4A54-987A-4B73241D6C7D}"
EndProject
Project("{9A19103F-16F7-4668-BE54-9A1E7A4F7556}") = "WeatherForecastService", "WeatherForecastService\WeatherForecastService.csproj", "{F3F73C46-1A51-4432-A110-210E2D733A7F}"
EndProject
Project("{9A19103F-16F7-4668-BE54-9A1E7A4F7556}") = "ServiceContracts", "ServiceContracts\ServiceContracts.csproj", "{ADAF71AB-1DBB-4FEA-907A-7CFD49297DF5}"
EndProject
Project("{E53339B2-1760-4266-BCC7-CA923CBCF16C}") = "docker-compose", "docker-compose.dcproj", "{9A539D60-9319-4C08-A8B3-5953962FA3A3}"
EndProject
Project("{2150E333-8FDC-42A3-9474-1A3956D46DE8}") = "Solution Items", "Solution Items", "{584730C9-B197-4C7B-9D0B-4765F77A5346}"
	ProjectSection(SolutionItems) = preProject
		Screenshtos\containers_without_orchtration - Copy.png = Screenshtos\containers_without_orchtration - Copy.png
		Screenshtos\containers_without_orchtration.png = Screenshtos\containers_without_orchtration.png
		Screenshtos\dockerps_dockerimagels - Copy.png = Screenshtos\dockerps_dockerimagels - Copy.png
		Screenshtos\dockerps_dockerimagels.png = Screenshtos\dockerps_dockerimagels.png
		Screenshtos\docker_compose_services - Copy.png = Screenshtos\docker_compose_services - Copy.png
		README.md = README.md
		Screenshtos\trip_suggest_api_run1 - Copy.png = Screenshtos\trip_suggest_api_run1 - Copy.png
		Screenshtos\trip_suggest_api_run1.png = Screenshtos\trip_suggest_api_run1.png
		Screenshtos\trip_suggest_run_api2 - Copy.png = Screenshtos\trip_suggest_run_api2 - Copy.png
		Screenshtos\trip_suggest_run_api2.png = Screenshtos\trip_suggest_run_api2.png
		Screenshtos\trip_suggest_service - Copy.png = Screenshtos\trip_suggest_service - Copy.png
		Screenshtos\trip_suggest_service_run - Copy.png = Screenshtos\trip_suggest_service_run - Copy.png
		Screenshtos\trip_suggest_service_run.png = Screenshtos\trip_suggest_service_run.png
		Screenshtos\WeatherForecast_api_run1 - Copy.png = Screenshtos\WeatherForecast_api_run1 - Copy.png
		Screenshtos\WeatherForecast_api_run1.png = Screenshtos\WeatherForecast_api_run1.png
		Screenshtos\weather_forecast_run - Copy.png = Screenshtos\weather_forecast_run - Copy.png
		Screenshtos\weather_forecast_run.png = Screenshtos\weather_forecast_run.png
		Screenshtos\Weather_service.png = Screenshtos\Weather_service.png
		Screenshtos\weather_service_api_run2.png = Screenshtos\weather_service_api_run2.png
	EndProjectSection
EndProject
Global
	GlobalSection(SolutionConfigurationPlatforms) = preSolution
		Debug|Any CPU = Debug|Any CPU
		Release|Any CPU = Release|Any CPU
	EndGlobalSection
	GlobalSection(ProjectConfigurationPlatforms) = postSolution
		{6259FE21-F036-4A54-987A-4B73241D6C7D}.Debug|Any CPU.ActiveCfg = Debug|Any CPU
		{6259FE21-F036-4A54-987A-4B73241D6C7D}.Debug|Any CPU.Build.0 = Debug|Any CPU
		{6259FE21-F036-4A54-987A-4B73241D6C7D}.Release|Any CPU.ActiveCfg = Release|Any CPU
		{6259FE21-F036-4A54-987A-4B73241D6C7D}.Release|Any CPU.Build.0 = Release|Any CPU
		{F3F73C46-1A51-4432-A110-210E2D733A7F}.Debug|Any CPU.ActiveCfg = Debug|Any CPU
		{F3F73C46-1A51-4432-A110-210E2D733A7F}.Debug|Any CPU.Build.0 = Debug|Any CPU
		{F3F73C46-1A51-4432-A110-210E2D733A7F}.Release|Any CPU.ActiveCfg = Release|Any CPU
		{F3F73C46-1A51-4432-A110-210E2D733A7F}.Release|Any CPU.Build.0 = Release|Any CPU
		{ADAF71AB-1DBB-4FEA-907A-7CFD49297DF5}.Debug|Any CPU.ActiveCfg = Debug|Any CPU
		{ADAF71AB-1DBB-4FEA-907A-7CFD49297DF5}.Debug|Any CPU.Build.0 = Debug|Any CPU
		{ADAF71AB-1DBB-4FEA-907A-7CFD49297DF5}.Release|Any CPU.ActiveCfg = Release|Any CPU
		{ADAF71AB-1DBB-4FEA-907A-7CFD49297DF5}.Release|Any CPU.Build.0 = Release|Any CPU
		{9A539D60-9319-4C08-A8B3-5953962FA3A3}.Debug|Any CPU.ActiveCfg = Debug|Any CPU
		{9A539D60-9319-4C08-A8B3-5953962FA3A3}.Debug|Any CPU.Build.0 = Debug|Any CPU
		{9A539D60-9319-4C08-A8B3-5953962FA3A3}.Release|Any CPU.ActiveCfg = Release|Any CPU
		{9A539D60-9319-4C08-A8B3-5953962FA3A3}.Release|Any CPU.Build.0 = Release|Any CPU
	EndGlobalSection
	GlobalSection(SolutionProperties) = preSolution
		HideSolutionNode = FALSE
	EndGlobalSection
	GlobalSection(ExtensibilityGlobals) = postSolution
		SolutionGuid = {7C308159-3FE4-4289-8868-A3FA24A9C4CF}
	EndGlobalSection
EndGlobal
